
Microsoft Visual Studio Solution File, Format Version 10.00
# Visual Studio 2008
Project("{FAE04EC0-301F-11D3-BF4B-00C04F79EFBC}") = "MonitorMvc", "MonitorMvc\MonitorMvc.csproj", "{8597702E-075F-496C-801A-B0B967DB89A6}"
EndProject
Project("{2150E333-8FDC-42A3-9474-1A3956D46DE8}") = "Web", "Web", "{6DFB5741-28DF-452B-B6DB-6F54F036F784}"
EndProject
Project("{2150E333-8FDC-42A3-9474-1A3956D46DE8}") = "Utilities", "Utilities", "{29AD5653-9665-4384-8064-2ACA511AE015}"
EndProject
Project("{FAE04EC0-301F-11D3-BF4B-00C04F79EFBC}") = "Utilities", "..\..\Utilities\Utilities.csproj", "{976B4F06-F294-4E0D-B03E-6E59A83E81C4}"
EndProject
Project("{FAE04EC0-301F-11D3-BF4B-00C04F79EFBC}") = "MonitorCommon", "..\MonitorCommon\MonitorCommon.csproj", "{1975DB81-F78C-4AF0-9123-E6D7BCE0BC19}"
EndProject
Project("{2150E333-8FDC-42A3-9474-1A3956D46DE8}") = "Common", "Common", "{A46236E6-9E57-4A42-9A9A-DBD1BB72199A}"
EndProject
Project("{2150E333-8FDC-42A3-9474-1A3956D46DE8}") = "Agent", "Agent", "{E6BEB596-6D05-4260-BD12-7ED80DEEED56}"
EndProject
Project("{FAE04EC0-301F-11D3-BF4B-00C04F79EFBC}") = "MonitorAgent", "..\MonitorAgent\MonitorAgent.csproj", "{319CE392-7271-4471-8A20-EA02DB748E05}"
	ProjectSection(ProjectDependencies) = postProject
		{8597702E-075F-496C-801A-B0B967DB89A6} = {8597702E-075F-496C-801A-B0B967DB89A6}
	EndProjectSection
EndProject
Project("{FAE04EC0-301F-11D3-BF4B-00C04F79EFBC}") = "UtilitiesTests", "..\..\Utilities\Tests\UtilitiesTests\UtilitiesTests.csproj", "{88A096B4-6433-4F2B-A49B-232A4EEF07D3}"
EndProject
Global
	GlobalSection(TestCaseManagementSettings) = postSolution
		CategoryFile = MonitorMvc.vsmdi
	EndGlobalSection
	GlobalSection(SolutionConfigurationPlatforms) = preSolution
		Debug|Any CPU = Debug|Any CPU
		Release|Any CPU = Release|Any CPU
	EndGlobalSection
	GlobalSection(ProjectConfigurationPlatforms) = postSolution
		{8597702E-075F-496C-801A-B0B967DB89A6}.Debug|Any CPU.ActiveCfg = Debug|Any CPU
		{8597702E-075F-496C-801A-B0B967DB89A6}.Debug|Any CPU.Build.0 = Debug|Any CPU
		{8597702E-075F-496C-801A-B0B967DB89A6}.Release|Any CPU.ActiveCfg = Release|Any CPU
		{8597702E-075F-496C-801A-B0B967DB89A6}.Release|Any CPU.Build.0 = Release|Any CPU
		{976B4F06-F294-4E0D-B03E-6E59A83E81C4}.Debug|Any CPU.ActiveCfg = Debug|Any CPU
		{976B4F06-F294-4E0D-B03E-6E59A83E81C4}.Debug|Any CPU.Build.0 = Debug|Any CPU
		{976B4F06-F294-4E0D-B03E-6E59A83E81C4}.Release|Any CPU.ActiveCfg = Release|Any CPU
		{976B4F06-F294-4E0D-B03E-6E59A83E81C4}.Release|Any CPU.Build.0 = Release|Any CPU
		{1975DB81-F78C-4AF0-9123-E6D7BCE0BC19}.Debug|Any CPU.ActiveCfg = Debug|Any CPU
		{1975DB81-F78C-4AF0-9123-E6D7BCE0BC19}.Debug|Any CPU.Build.0 = Debug|Any CPU
		{1975DB81-F78C-4AF0-9123-E6D7BCE0BC19}.Release|Any CPU.ActiveCfg = Release|Any CPU
		{1975DB81-F78C-4AF0-9123-E6D7BCE0BC19}.Release|Any CPU.Build.0 = Release|Any CPU
		{319CE392-7271-4471-8A20-EA02DB748E05}.Debug|Any CPU.ActiveCfg = Debug|Any CPU
		{319CE392-7271-4471-8A20-EA02DB748E05}.Debug|Any CPU.Build.0 = Debug|Any CPU
		{319CE392-7271-4471-8A20-EA02DB748E05}.Release|Any CPU.ActiveCfg = Release|Any CPU
		{319CE392-7271-4471-8A20-EA02DB748E05}.Release|Any CPU.Build.0 = Release|Any CPU
		{88A096B4-6433-4F2B-A49B-232A4EEF07D3}.Debug|Any CPU.ActiveCfg = Debug|Any CPU
		{88A096B4-6433-4F2B-A49B-232A4EEF07D3}.Debug|Any CPU.Build.0 = Debug|Any CPU
		{88A096B4-6433-4F2B-A49B-232A4EEF07D3}.Release|Any CPU.ActiveCfg = Release|Any CPU
		{88A096B4-6433-4F2B-A49B-232A4EEF07D3}.Release|Any CPU.Build.0 = Release|Any CPU
	EndGlobalSection
	GlobalSection(SolutionProperties) = preSolution
		HideSolutionNode = FALSE
	EndGlobalSection
	GlobalSection(NestedProjects) = preSolution
		{8597702E-075F-496C-801A-B0B967DB89A6} = {6DFB5741-28DF-452B-B6DB-6F54F036F784}
		{976B4F06-F294-4E0D-B03E-6E59A83E81C4} = {29AD5653-9665-4384-8064-2ACA511AE015}
		{88A096B4-6433-4F2B-A49B-232A4EEF07D3} = {29AD5653-9665-4384-8064-2ACA511AE015}
		{1975DB81-F78C-4AF0-9123-E6D7BCE0BC19} = {A46236E6-9E57-4A42-9A9A-DBD1BB72199A}
		{319CE392-7271-4471-8A20-EA02DB748E05} = {E6BEB596-6D05-4260-BD12-7ED80DEEED56}
	EndGlobalSection
EndGlobal
